
Microsoft Visual Studio Solution File, Format Version 12.00
# Visual Studio Version 16
VisualStudioVersion = 16.0.31019.35
MinimumVisualStudioVersion = 10.0.40219.1
Project("{FAE04EC0-301F-11D3-BF4B-00C04F79EFBC}") = "MVC5", "MVC5\MVC5.csproj", "{56F30ECB-4668-4860-9D79-74DCB1353D1A}"
EndProject
Project("{FAE04EC0-301F-11D3-BF4B-00C04F79EFBC}") = "MVC5.Tests", "MVC5.Tests\MVC5.Tests.csproj", "{CAF6DDD1-FD08-4D92-8300-C40E58196AA4}"
EndProject
Project("{FAE04EC0-301F-11D3-BF4B-00C04F79EFBC}") = "Bzy.Cache", "BigStarFK.Cache\BigStarFK.Cache\Bzy.Cache.csproj", "{1913A094-D544-4061-9DA9-98E5492F7B36}"
EndProject
Project("{FAE04EC0-301F-11D3-BF4B-00C04F79EFBC}") = "NewStudy", "NewStudy\NewStudy.csproj", "{93C0CB40-F6A7-45A9-BC0B-3129D8DCCA84}"
EndProject
Project("{FAE04EC0-301F-11D3-BF4B-00C04F79EFBC}") = "Bzy.Utilities", "MyUtilities\Bzy.Utilities.csproj", "{A75890CB-599B-4B48-8412-CBB34190801C}"
EndProject
Project("{2150E333-8FDC-42A3-9474-1A3956D46DE8}") = "NewStudy", "NewStudy", "{7884EF5E-FECB-4ABC-9347-67ED0755049B}"
EndProject
Project("{2150E333-8FDC-42A3-9474-1A3956D46DE8}") = "NewBusinessLogic", "NewBusinessLogic", "{5D870840-9B32-49F9-8F07-EE98874D222F}"
EndProject
Project("{FAE04EC0-301F-11D3-BF4B-00C04F79EFBC}") = "DataAccessLayer", "DataAccessLayer\DataAccessLayer.csproj", "{2AF56B0B-31BD-4707-B7F2-BC36494CFA5D}"
EndProject
Project("{FAE04EC0-301F-11D3-BF4B-00C04F79EFBC}") = "BusinessLayer", "BusinessLayer\BusinessLayer.csproj", "{C5134C11-06DE-4358-9E03-667AD94C502E}"
EndProject
Project("{FAE04EC0-301F-11D3-BF4B-00C04F79EFBC}") = "BusinessEntities", "BusinessEntities\BusinessEntities.csproj", "{14483256-0786-4F97-89E3-AED8808D90A1}"
EndProject
Project("{FAE04EC0-301F-11D3-BF4B-00C04F79EFBC}") = "ViewModel", "ViewModel\ViewModel.csproj", "{8800D51D-57C7-4DF5-8813-1133EDC6B302}"
EndProject
Project("{FAE04EC0-301F-11D3-BF4B-00C04F79EFBC}") = "MyWebAPI", "MyWebAPI\MyWebAPI.csproj", "{0268D0B2-D504-4C10-9063-ABADA29EACE1}"
EndProject
Project("{2150E333-8FDC-42A3-9474-1A3956D46DE8}") = "Business logic", "Business logic", "{FF2C7730-D874-4781-8593-032D2A11E867}"
EndProject
Project("{FAE04EC0-301F-11D3-BF4B-00C04F79EFBC}") = "Bzy.BizLogic", "BizLogic\Bzy.BizLogic.csproj", "{D2E4FEDD-71CA-4F87-A3F4-ED5735A76161}"
EndProject
Project("{FAE04EC0-301F-11D3-BF4B-00C04F79EFBC}") = "Bzy.ServiceCaller", "ServiceCaller\Bzy.ServiceCaller.csproj", "{FC6BD24D-D623-445B-B3AC-577CC561B3EE}"
EndProject
Global
	GlobalSection(SolutionConfigurationPlatforms) = preSolution
		Debug|Any CPU = Debug|Any CPU
		Release|Any CPU = Release|Any CPU
	EndGlobalSection
	GlobalSection(ProjectConfigurationPlatforms) = postSolution
		{56F30ECB-4668-4860-9D79-74DCB1353D1A}.Debug|Any CPU.ActiveCfg = Debug|Any CPU
		{56F30ECB-4668-4860-9D79-74DCB1353D1A}.Debug|Any CPU.Build.0 = Debug|Any CPU
		{56F30ECB-4668-4860-9D79-74DCB1353D1A}.Release|Any CPU.ActiveCfg = Release|Any CPU
		{56F30ECB-4668-4860-9D79-74DCB1353D1A}.Release|Any CPU.Build.0 = Release|Any CPU
		{CAF6DDD1-FD08-4D92-8300-C40E58196AA4}.Debug|Any CPU.ActiveCfg = Debug|Any CPU
		{CAF6DDD1-FD08-4D92-8300-C40E58196AA4}.Debug|Any CPU.Build.0 = Debug|Any CPU
		{CAF6DDD1-FD08-4D92-8300-C40E58196AA4}.Release|Any CPU.ActiveCfg = Release|Any CPU
		{CAF6DDD1-FD08-4D92-8300-C40E58196AA4}.Release|Any CPU.Build.0 = Release|Any CPU
		{1913A094-D544-4061-9DA9-98E5492F7B36}.Debug|Any CPU.ActiveCfg = Debug|Any CPU
		{1913A094-D544-4061-9DA9-98E5492F7B36}.Debug|Any CPU.Build.0 = Debug|Any CPU
		{1913A094-D544-4061-9DA9-98E5492F7B36}.Release|Any CPU.ActiveCfg = Release|Any CPU
		{1913A094-D544-4061-9DA9-98E5492F7B36}.Release|Any CPU.Build.0 = Release|Any CPU
		{93C0CB40-F6A7-45A9-BC0B-3129D8DCCA84}.Debug|Any CPU.ActiveCfg = Debug|Any CPU
		{93C0CB40-F6A7-45A9-BC0B-3129D8DCCA84}.Debug|Any CPU.Build.0 = Debug|Any CPU
		{93C0CB40-F6A7-45A9-BC0B-3129D8DCCA84}.Release|Any CPU.ActiveCfg = Release|Any CPU
		{93C0CB40-F6A7-45A9-BC0B-3129D8DCCA84}.Release|Any CPU.Build.0 = Release|Any CPU
		{A75890CB-599B-4B48-8412-CBB34190801C}.Debug|Any CPU.ActiveCfg = Debug|Any CPU
		{A75890CB-599B-4B48-8412-CBB34190801C}.Debug|Any CPU.Build.0 = Debug|Any CPU
		{A75890CB-599B-4B48-8412-CBB34190801C}.Release|Any CPU.ActiveCfg = Release|Any CPU
		{A75890CB-599B-4B48-8412-CBB34190801C}.Release|Any CPU.Build.0 = Release|Any CPU
		{2AF56B0B-31BD-4707-B7F2-BC36494CFA5D}.Debug|Any CPU.ActiveCfg = Debug|Any CPU
		{2AF56B0B-31BD-4707-B7F2-BC36494CFA5D}.Debug|Any CPU.Build.0 = Debug|Any CPU
		{2AF56B0B-31BD-4707-B7F2-BC36494CFA5D}.Release|Any CPU.ActiveCfg = Release|Any CPU
		{2AF56B0B-31BD-4707-B7F2-BC36494CFA5D}.Release|Any CPU.Build.0 = Release|Any CPU
		{C5134C11-06DE-4358-9E03-667AD94C502E}.Debug|Any CPU.ActiveCfg = Debug|Any CPU
		{C5134C11-06DE-4358-9E03-667AD94C502E}.Debug|Any CPU.Build.0 = Debug|Any CPU
		{C5134C11-06DE-4358-9E03-667AD94C502E}.Release|Any CPU.ActiveCfg = Release|Any CPU
		{C5134C11-06DE-4358-9E03-667AD94C502E}.Release|Any CPU.Build.0 = Release|Any CPU
		{14483256-0786-4F97-89E3-AED8808D90A1}.Debug|Any CPU.ActiveCfg = Debug|Any CPU
		{14483256-0786-4F97-89E3-AED8808D90A1}.Debug|Any CPU.Build.0 = Debug|Any CPU
		{14483256-0786-4F97-89E3-AED8808D90A1}.Release|Any CPU.ActiveCfg = Release|Any CPU
		{14483256-0786-4F97-89E3-AED8808D90A1}.Release|Any CPU.Build.0 = Release|Any CPU
		{8800D51D-57C7-4DF5-8813-1133EDC6B302}.Debug|Any CPU.ActiveCfg = Debug|Any CPU
		{8800D51D-57C7-4DF5-8813-1133EDC6B302}.Debug|Any CPU.Build.0 = Debug|Any CPU
		{8800D51D-57C7-4DF5-8813-1133EDC6B302}.Release|Any CPU.ActiveCfg = Release|Any CPU
		{8800D51D-57C7-4DF5-8813-1133EDC6B302}.Release|Any CPU.Build.0 = Release|Any CPU
		{0268D0B2-D504-4C10-9063-ABADA29EACE1}.Debug|Any CPU.ActiveCfg = Debug|Any CPU
		{0268D0B2-D504-4C10-9063-ABADA29EACE1}.Debug|Any CPU.Build.0 = Debug|Any CPU
		{0268D0B2-D504-4C10-9063-ABADA29EACE1}.Release|Any CPU.ActiveCfg = Release|Any CPU
		{0268D0B2-D504-4C10-9063-ABADA29EACE1}.Release|Any CPU.Build.0 = Release|Any CPU
		{D2E4FEDD-71CA-4F87-A3F4-ED5735A76161}.Debug|Any CPU.ActiveCfg = Debug|Any CPU
		{D2E4FEDD-71CA-4F87-A3F4-ED5735A76161}.Debug|Any CPU.Build.0 = Debug|Any CPU
		{D2E4FEDD-71CA-4F87-A3F4-ED5735A76161}.Release|Any CPU.ActiveCfg = Release|Any CPU
		{D2E4FEDD-71CA-4F87-A3F4-ED5735A76161}.Release|Any CPU.Build.0 = Release|Any CPU
		{FC6BD24D-D623-445B-B3AC-577CC561B3EE}.Debug|Any CPU.ActiveCfg = Debug|Any CPU
		{FC6BD24D-D623-445B-B3AC-577CC561B3EE}.Debug|Any CPU.Build.0 = Debug|Any CPU
		{FC6BD24D-D623-445B-B3AC-577CC561B3EE}.Release|Any CPU.ActiveCfg = Release|Any CPU
		{FC6BD24D-D623-445B-B3AC-577CC561B3EE}.Release|Any CPU.Build.0 = Release|Any CPU
	EndGlobalSection
	GlobalSection(SolutionProperties) = preSolution
		HideSolutionNode = FALSE
	EndGlobalSection
	GlobalSection(NestedProjects) = preSolution
		{93C0CB40-F6A7-45A9-BC0B-3129D8DCCA84} = {7884EF5E-FECB-4ABC-9347-67ED0755049B}
		{2AF56B0B-31BD-4707-B7F2-BC36494CFA5D} = {5D870840-9B32-49F9-8F07-EE98874D222F}
		{C5134C11-06DE-4358-9E03-667AD94C502E} = {5D870840-9B32-49F9-8F07-EE98874D222F}
		{14483256-0786-4F97-89E3-AED8808D90A1} = {5D870840-9B32-49F9-8F07-EE98874D222F}
		{8800D51D-57C7-4DF5-8813-1133EDC6B302} = {5D870840-9B32-49F9-8F07-EE98874D222F}
		{D2E4FEDD-71CA-4F87-A3F4-ED5735A76161} = {FF2C7730-D874-4781-8593-032D2A11E867}
		{FC6BD24D-D623-445B-B3AC-577CC561B3EE} = {FF2C7730-D874-4781-8593-032D2A11E867}
	EndGlobalSection
	GlobalSection(ExtensibilityGlobals) = postSolution
		SolutionGuid = {D3BDAA78-CAF6-4E4A-8E4E-4BDE97F3254D}
	EndGlobalSection
EndGlobal
