
Microsoft Visual Studio Solution File, Format Version 12.00
# Visual Studio Version 16
VisualStudioVersion = 16.0.31019.35
MinimumVisualStudioVersion = 10.0.40219.1
Project("{FAE04EC0-301F-11D3-BF4B-00C04F79EFBC}") = "MyWeb", "MyWeb\MyWeb.csproj", "{894E7D57-2370-4BAA-8D26-1DEE80820E4F}"
EndProject
Project("{FAE04EC0-301F-11D3-BF4B-00C04F79EFBC}") = "MVC5", "MVC5\MVC5.csproj", "{56F30ECB-4668-4860-9D79-74DCB1353D1A}"
EndProject
Project("{FAE04EC0-301F-11D3-BF4B-00C04F79EFBC}") = "MVC5.Tests", "MVC5.Tests\MVC5.Tests.csproj", "{CAF6DDD1-FD08-4D92-8300-C40E58196AA4}"
EndProject
Project("{FAE04EC0-301F-11D3-BF4B-00C04F79EFBC}") = "WebAPI", "WebAPI\WebAPI.csproj", "{F201DA0A-BAF9-47E4-BAE9-28B1E08FF81F}"
EndProject
Project("{FAE04EC0-301F-11D3-BF4B-00C04F79EFBC}") = "BigStarFK.Cache", "BigStarFK.Cache\BigStarFK.Cache\BigStarFK.Cache.csproj", "{1913A094-D544-4061-9DA9-98E5492F7B36}"
EndProject
Project("{FAE04EC0-301F-11D3-BF4B-00C04F79EFBC}") = "BigStarFK.Cache.Redis", "BigStarFK.Cache\BigStarFK.Cache.Redis\BigStarFK.Cache.Redis.csproj", "{73C79333-8404-4EA9-BEA2-13C8D919D890}"
EndProject
Project("{FAE04EC0-301F-11D3-BF4B-00C04F79EFBC}") = "BigStarFK.Cache.Factory", "BigStarFK.Cache\BigStarFK.Cache.Factory\BigStarFK.Cache.Factory.csproj", "{D89B40CC-1CE8-4B50-B1C5-FEB9E87857CB}"
EndProject
Global
	GlobalSection(SolutionConfigurationPlatforms) = preSolution
		Debug|Any CPU = Debug|Any CPU
		Release|Any CPU = Release|Any CPU
	EndGlobalSection
	GlobalSection(ProjectConfigurationPlatforms) = postSolution
		{894E7D57-2370-4BAA-8D26-1DEE80820E4F}.Debug|Any CPU.ActiveCfg = Debug|Any CPU
		{894E7D57-2370-4BAA-8D26-1DEE80820E4F}.Debug|Any CPU.Build.0 = Debug|Any CPU
		{894E7D57-2370-4BAA-8D26-1DEE80820E4F}.Release|Any CPU.ActiveCfg = Release|Any CPU
		{894E7D57-2370-4BAA-8D26-1DEE80820E4F}.Release|Any CPU.Build.0 = Release|Any CPU
		{56F30ECB-4668-4860-9D79-74DCB1353D1A}.Debug|Any CPU.ActiveCfg = Debug|Any CPU
		{56F30ECB-4668-4860-9D79-74DCB1353D1A}.Debug|Any CPU.Build.0 = Debug|Any CPU
		{56F30ECB-4668-4860-9D79-74DCB1353D1A}.Release|Any CPU.ActiveCfg = Release|Any CPU
		{56F30ECB-4668-4860-9D79-74DCB1353D1A}.Release|Any CPU.Build.0 = Release|Any CPU
		{CAF6DDD1-FD08-4D92-8300-C40E58196AA4}.Debug|Any CPU.ActiveCfg = Debug|Any CPU
		{CAF6DDD1-FD08-4D92-8300-C40E58196AA4}.Debug|Any CPU.Build.0 = Debug|Any CPU
		{CAF6DDD1-FD08-4D92-8300-C40E58196AA4}.Release|Any CPU.ActiveCfg = Release|Any CPU
		{CAF6DDD1-FD08-4D92-8300-C40E58196AA4}.Release|Any CPU.Build.0 = Release|Any CPU
		{F201DA0A-BAF9-47E4-BAE9-28B1E08FF81F}.Debug|Any CPU.ActiveCfg = Debug|Any CPU
		{F201DA0A-BAF9-47E4-BAE9-28B1E08FF81F}.Debug|Any CPU.Build.0 = Debug|Any CPU
		{F201DA0A-BAF9-47E4-BAE9-28B1E08FF81F}.Release|Any CPU.ActiveCfg = Release|Any CPU
		{F201DA0A-BAF9-47E4-BAE9-28B1E08FF81F}.Release|Any CPU.Build.0 = Release|Any CPU
		{1913A094-D544-4061-9DA9-98E5492F7B36}.Debug|Any CPU.ActiveCfg = Debug|Any CPU
		{1913A094-D544-4061-9DA9-98E5492F7B36}.Debug|Any CPU.Build.0 = Debug|Any CPU
		{1913A094-D544-4061-9DA9-98E5492F7B36}.Release|Any CPU.ActiveCfg = Release|Any CPU
		{1913A094-D544-4061-9DA9-98E5492F7B36}.Release|Any CPU.Build.0 = Release|Any CPU
		{73C79333-8404-4EA9-BEA2-13C8D919D890}.Debug|Any CPU.ActiveCfg = Debug|Any CPU
		{73C79333-8404-4EA9-BEA2-13C8D919D890}.Debug|Any CPU.Build.0 = Debug|Any CPU
		{73C79333-8404-4EA9-BEA2-13C8D919D890}.Release|Any CPU.ActiveCfg = Release|Any CPU
		{73C79333-8404-4EA9-BEA2-13C8D919D890}.Release|Any CPU.Build.0 = Release|Any CPU
		{D89B40CC-1CE8-4B50-B1C5-FEB9E87857CB}.Debug|Any CPU.ActiveCfg = Debug|Any CPU
		{D89B40CC-1CE8-4B50-B1C5-FEB9E87857CB}.Debug|Any CPU.Build.0 = Debug|Any CPU
		{D89B40CC-1CE8-4B50-B1C5-FEB9E87857CB}.Release|Any CPU.ActiveCfg = Release|Any CPU
		{D89B40CC-1CE8-4B50-B1C5-FEB9E87857CB}.Release|Any CPU.Build.0 = Release|Any CPU
	EndGlobalSection
	GlobalSection(SolutionProperties) = preSolution
		HideSolutionNode = FALSE
	EndGlobalSection
	GlobalSection(ExtensibilityGlobals) = postSolution
		SolutionGuid = {D3BDAA78-CAF6-4E4A-8E4E-4BDE97F3254D}
	EndGlobalSection
EndGlobal
